
Microsoft Visual Studio Solution File, Format Version 12.00
# Visual Studio Version 16
VisualStudioVersion = 16.0.29926.136
MinimumVisualStudioVersion = 10.0.40219.1
Project("{888888A0-9F3D-457C-B088-3A5042F75D52}") = "BasicProjectForDjango", "BasicProjectForDjango\BasicProjectForDjango.pyproj", "{D6A6C8D4-10D9-4A7D-81B3-C4AEAB27FEAD}"
EndProject
Global
	GlobalSection(SolutionConfigurationPlatforms) = preSolution
		Debug|Any CPU = Debug|Any CPU
		Release|Any CPU = Release|Any CPU
	EndGlobalSection
	GlobalSection(ProjectConfigurationPlatforms) = postSolution
		{D6A6C8D4-10D9-4A7D-81B3-C4AEAB27FEAD}.Debug|Any CPU.ActiveCfg = Debug|Any CPU
		{D6A6C8D4-10D9-4A7D-81B3-C4AEAB27FEAD}.Debug|Any CPU.Build.0 = Debug|Any CPU
		{D6A6C8D4-10D9-4A7D-81B3-C4AEAB27FEAD}.Release|Any CPU.ActiveCfg = Release|Any CPU
		{D6A6C8D4-10D9-4A7D-81B3-C4AEAB27FEAD}.Release|Any CPU.Build.0 = Release|Any CPU
	EndGlobalSection
	GlobalSection(SolutionProperties) = preSolution
		HideSolutionNode = FALSE
	EndGlobalSection
	GlobalSection(ExtensibilityGlobals) = postSolution
		SolutionGuid = {0EE57810-45AD-4A3A-A0F5-99284B6121BF}
	EndGlobalSection
EndGlobal
